
Microsoft Visual Studio Solution File, Format Version 12.00
# Visual Studio Version 17
VisualStudioVersion = 17.7.34024.191
MinimumVisualStudioVersion = 10.0.40219.1
Project("{2150E333-8FDC-42A3-9474-1A3956D46DE8}") = "src", "src", "{C6185C50-C58E-4965-8D3F-3363EE49696C}"
EndProject
Project("{FAE04EC0-301F-11D3-BF4B-00C04F79EFBC}") = "BestPost.WebApi", "src\BestPost.WebApi\BestPost.WebApi.csproj", "{4895FC9D-C32D-4AF1-81A2-6EB8423AE4BE}"
EndProject
Project("{FAE04EC0-301F-11D3-BF4B-00C04F79EFBC}") = "BestPost.Domain", "src\BestPost.Domain\BestPost.Domain.csproj", "{D8EFF14D-BC1A-47F8-9FC7-4E7798819833}"
EndProject
Project("{FAE04EC0-301F-11D3-BF4B-00C04F79EFBC}") = "BestPost.Service", "src\BestPost.Service\BestPost.Service.csproj", "{D3192C03-0CDF-4695-87C1-593C37DA583A}"
EndProject
Project("{FAE04EC0-301F-11D3-BF4B-00C04F79EFBC}") = "BestPost.DataAccsess", "src\BestPost.DataAccsess\BestPost.DataAccsess.csproj", "{C57DF472-60B3-487F-BE12-19001FAE31A5}"
EndProject
Global
	GlobalSection(SolutionConfigurationPlatforms) = preSolution
		Debug|Any CPU = Debug|Any CPU
		Release|Any CPU = Release|Any CPU
	EndGlobalSection
	GlobalSection(ProjectConfigurationPlatforms) = postSolution
		{4895FC9D-C32D-4AF1-81A2-6EB8423AE4BE}.Debug|Any CPU.ActiveCfg = Debug|Any CPU
		{4895FC9D-C32D-4AF1-81A2-6EB8423AE4BE}.Debug|Any CPU.Build.0 = Debug|Any CPU
		{4895FC9D-C32D-4AF1-81A2-6EB8423AE4BE}.Release|Any CPU.ActiveCfg = Release|Any CPU
		{4895FC9D-C32D-4AF1-81A2-6EB8423AE4BE}.Release|Any CPU.Build.0 = Release|Any CPU
		{D8EFF14D-BC1A-47F8-9FC7-4E7798819833}.Debug|Any CPU.ActiveCfg = Debug|Any CPU
		{D8EFF14D-BC1A-47F8-9FC7-4E7798819833}.Debug|Any CPU.Build.0 = Debug|Any CPU
		{D8EFF14D-BC1A-47F8-9FC7-4E7798819833}.Release|Any CPU.ActiveCfg = Release|Any CPU
		{D8EFF14D-BC1A-47F8-9FC7-4E7798819833}.Release|Any CPU.Build.0 = Release|Any CPU
		{D3192C03-0CDF-4695-87C1-593C37DA583A}.Debug|Any CPU.ActiveCfg = Debug|Any CPU
		{D3192C03-0CDF-4695-87C1-593C37DA583A}.Debug|Any CPU.Build.0 = Debug|Any CPU
		{D3192C03-0CDF-4695-87C1-593C37DA583A}.Release|Any CPU.ActiveCfg = Release|Any CPU
		{D3192C03-0CDF-4695-87C1-593C37DA583A}.Release|Any CPU.Build.0 = Release|Any CPU
		{C57DF472-60B3-487F-BE12-19001FAE31A5}.Debug|Any CPU.ActiveCfg = Debug|Any CPU
		{C57DF472-60B3-487F-BE12-19001FAE31A5}.Debug|Any CPU.Build.0 = Debug|Any CPU
		{C57DF472-60B3-487F-BE12-19001FAE31A5}.Release|Any CPU.ActiveCfg = Release|Any CPU
		{C57DF472-60B3-487F-BE12-19001FAE31A5}.Release|Any CPU.Build.0 = Release|Any CPU
	EndGlobalSection
	GlobalSection(SolutionProperties) = preSolution
		HideSolutionNode = FALSE
	EndGlobalSection
	GlobalSection(NestedProjects) = preSolution
		{4895FC9D-C32D-4AF1-81A2-6EB8423AE4BE} = {C6185C50-C58E-4965-8D3F-3363EE49696C}
		{D8EFF14D-BC1A-47F8-9FC7-4E7798819833} = {C6185C50-C58E-4965-8D3F-3363EE49696C}
		{D3192C03-0CDF-4695-87C1-593C37DA583A} = {C6185C50-C58E-4965-8D3F-3363EE49696C}
		{C57DF472-60B3-487F-BE12-19001FAE31A5} = {C6185C50-C58E-4965-8D3F-3363EE49696C}
	EndGlobalSection
	GlobalSection(ExtensibilityGlobals) = postSolution
		SolutionGuid = {02CF907C-B8DE-459A-BCFD-6824F7216783}
	EndGlobalSection
EndGlobal
